
Microsoft Visual Studio Solution File, Format Version 12.00
# Visual Studio Version 17
VisualStudioVersion = 17.2.32519.379
MinimumVisualStudioVersion = 10.0.40219.1
Project("{9A19103F-16F7-4668-BE54-9A1E7A4F7556}") = "IMemoryApp.Web", "IMemoryApp.Web\IMemoryApp.Web.csproj", "{984B6D32-1BA8-45BA-A339-A48FB86DC52F}"
EndProject
Project("{FAE04EC0-301F-11D3-BF4B-00C04F79EFBC}") = "IDistributedCacheRedisApp.Web", "IDistributedCacheRedisApp.Web\IDistributedCacheRedisApp.Web.csproj", "{7FEDD20B-97D0-4530-B082-BEBB245F4D10}"
EndProject
Global
	GlobalSection(SolutionConfigurationPlatforms) = preSolution
		Debug|Any CPU = Debug|Any CPU
		Release|Any CPU = Release|Any CPU
	EndGlobalSection
	GlobalSection(ProjectConfigurationPlatforms) = postSolution
		{984B6D32-1BA8-45BA-A339-A48FB86DC52F}.Debug|Any CPU.ActiveCfg = Debug|Any CPU
		{984B6D32-1BA8-45BA-A339-A48FB86DC52F}.Debug|Any CPU.Build.0 = Debug|Any CPU
		{984B6D32-1BA8-45BA-A339-A48FB86DC52F}.Release|Any CPU.ActiveCfg = Release|Any CPU
		{984B6D32-1BA8-45BA-A339-A48FB86DC52F}.Release|Any CPU.Build.0 = Release|Any CPU
		{7FEDD20B-97D0-4530-B082-BEBB245F4D10}.Debug|Any CPU.ActiveCfg = Debug|Any CPU
		{7FEDD20B-97D0-4530-B082-BEBB245F4D10}.Debug|Any CPU.Build.0 = Debug|Any CPU
		{7FEDD20B-97D0-4530-B082-BEBB245F4D10}.Release|Any CPU.ActiveCfg = Release|Any CPU
		{7FEDD20B-97D0-4530-B082-BEBB245F4D10}.Release|Any CPU.Build.0 = Release|Any CPU
	EndGlobalSection
	GlobalSection(SolutionProperties) = preSolution
		HideSolutionNode = FALSE
	EndGlobalSection
	GlobalSection(ExtensibilityGlobals) = postSolution
		SolutionGuid = {A117D374-5A5C-4FDC-B94A-9E1C7C50980A}
	EndGlobalSection
EndGlobal
